<?xml version="1.0" encoding="utf-8"?>
<Project ToolsVersion="4.0" xmlns="http://schemas.microsoft.com/developer/msbuild/2003">
  <ItemGroup>
    <Filter Include="Файлы исходного кода">
      <UniqueIdentifier>{4FC737F1-C7A5-4376-A066-2A32D752A2FF}</UniqueIdentifier>
      <Extensions>cpp;c;cc;cxx;def;odl;idl;hpj;bat;asm;asmx</Extensions>
    </Filter>
    <Filter Include="Заголовочные файлы">
      <UniqueIdentifier>{93995380-89BD-4b04-88EB-625FBE52EBFB}</UniqueIdentifier>
      <Extensions>h;hh;hpp;hxx;hm;inl;inc;xsd</Extensions>
    </Filter>
    <Filter Include="Файлы ресурсов">
      <UniqueIdentifier>{67DA6AB6-F800-4c08-8B7A-83BB121AAD01}</UniqueIdentifier>
      <Extensions>rc;ico;cur;bmp;dlg;rc2;rct;bin;rgs;gif;jpg;jpeg;jpe;resx;tiff;tif;png;wav;mfcribbon-ms</Extensions>
    </Filter>
    <Filter Include="Заголовочные файлы\Loki">
      <UniqueIdentifier>{8a0639c1-fe8f-4950-b684-92b0df4d7f0b}</UniqueIdentifier>
    </Filter>
    <Filter Include="Файлы исходного кода\FncDispatcherExample">
      <UniqueIdentifier>{630f0fde-ee98-42f7-a2a3-252e82db6528}</UniqueIdentifier>
    </Filter>
    <Filter Include="Файлы исходного кода\FncDispatcherExample\Relations">
      <UniqueIdentifier>{25d5b789-4e8f-4a95-902c-cab1e5175dd6}</UniqueIdentifier>
    </Filter>
    <Filter Include="Файлы исходного кода\FncDispatcherExample\Objects">
      <UniqueIdentifier>{1794014d-60bb-4733-82e0-7910faee58a4}</UniqueIdentifier>
    </Filter>
    <Filter Include="Заголовочные файлы\FncDispatcherExample">
      <UniqueIdentifier>{89a03ca2-9a53-4eb1-898c-f1a95c9aaf5b}</UniqueIdentifier>
    </Filter>
    <Filter Include="Заголовочные файлы\FncDispatcherExample\Objects">
      <UniqueIdentifier>{32d5d3bb-1d5f-471e-b80f-47e9f013a751}</UniqueIdentifier>
    </Filter>
    <Filter Include="Заголовочные файлы\FncDispatcherExample\Relations">
      <UniqueIdentifier>{da3a0433-b84b-4c9d-9f0b-2cf218a57315}</UniqueIdentifier>
    </Filter>
    <Filter Include="Заголовочные файлы\MultiLoki">
      <UniqueIdentifier>{f7d63201-1d88-4b34-9c68-045b82cd6573}</UniqueIdentifier>
    </Filter>
    <Filter Include="Заголовочные файлы\FncDispatcherExample\Objects\Drawing">
      <UniqueIdentifier>{c663d828-99fb-4dc4-bad1-1311ad175138}</UniqueIdentifier>
    </Filter>
    <Filter Include="Заголовочные файлы\FncDispatcherExample\Relations\Drawing">
      <UniqueIdentifier>{eb94ec39-196e-4f82-81b6-51b599ae1d6a}</UniqueIdentifier>
    </Filter>
  </ItemGroup>
  <ItemGroup>
    <ClCompile Include="ContainerMap.cpp">
      <Filter>Файлы исходного кода</Filter>
    </ClCompile>
    <ClCompile Include="MyMap.cpp">
      <Filter>Файлы исходного кода</Filter>
    </ClCompile>
    <ClCompile Include="Temp.cpp">
      <Filter>Файлы исходного кода</Filter>
    </ClCompile>
    <ClCompile Include="StaticMultimethod.cpp">
      <Filter>Файлы исходного кода</Filter>
    </ClCompile>
    <ClCompile Include="FunctorDispatcher.cpp">
      <Filter>Файлы исходного кода</Filter>
    </ClCompile>
    <ClCompile Include="FncDispatcher.cpp">
      <Filter>Файлы исходного кода\FncDispatcherExample</Filter>
    </ClCompile>
    <ClCompile Include="Collide.cpp">
      <Filter>Файлы исходного кода\FncDispatcherExample\Relations</Filter>
    </ClCompile>
    <ClCompile Include="Сonversation.cpp">
      <Filter>Файлы исходного кода\FncDispatcherExample\Relations</Filter>
    </ClCompile>
    <ClCompile Include="GameObject.cpp">
      <Filter>Файлы исходного кода\FncDispatcherExample\Objects</Filter>
    </ClCompile>
    <ClCompile Include="SpaceShip.cpp">
      <Filter>Файлы исходного кода\FncDispatcherExample\Objects</Filter>
    </ClCompile>
    <ClCompile Include="SpaceStation.cpp">
      <Filter>Файлы исходного кода\FncDispatcherExample\Objects</Filter>
    </ClCompile>
    <ClCompile Include="Asteroid.cpp">
      <Filter>Файлы исходного кода\FncDispatcherExample\Objects</Filter>
    </ClCompile>
    <ClCompile Include="DrawingExample.cpp">
      <Filter>Файлы исходного кода</Filter>
    </ClCompile>
  </ItemGroup>
  <ItemGroup>
    <ClInclude Include="Caller.h">
      <Filter>Заголовочные файлы</Filter>
    </ClInclude>
    <ClInclude Include="ContainerMap.h">
      <Filter>Заголовочные файлы</Filter>
    </ClInclude>
    <ClInclude Include="game_hierarchy.hpp">
      <Filter>Заголовочные файлы</Filter>
    </ClInclude>
    <ClInclude Include="MyMap.h">
      <Filter>Заголовочные файлы</Filter>
    </ClInclude>
    <ClInclude Include="typecollection.h">
      <Filter>Заголовочные файлы</Filter>
    </ClInclude>
    <ClInclude Include="Loki\AbstractFactory.h">
      <Filter>Заголовочные файлы\Loki</Filter>
    </ClInclude>
    <ClInclude Include="Loki\AssocVector.h">
      <Filter>Заголовочные файлы\Loki</Filter>
    </ClInclude>
    <ClInclude Include="Loki\ContainerMap.h">
      <Filter>Заголовочные файлы\Loki</Filter>
    </ClInclude>
    <ClInclude Include="Loki\DataGenerators.h">
      <Filter>Заголовочные файлы\Loki</Filter>
    </ClInclude>
    <ClInclude Include="Loki\EmptyType.h">
      <Filter>Заголовочные файлы\Loki</Filter>
    </ClInclude>
    <ClInclude Include="Loki\ExecuteSimpleMethod.h">
      <Filter>Заголовочные файлы\Loki</Filter>
    </ClInclude>
    <ClInclude Include="Loki\Factory.h">
      <Filter>Заголовочные файлы\Loki</Filter>
    </ClInclude>
    <ClInclude Include="Loki\Functor.h">
      <Filter>Заголовочные файлы\Loki</Filter>
    </ClInclude>
    <ClInclude Include="Loki\HierarchyGenerators.h">
      <Filter>Заголовочные файлы\Loki</Filter>
    </ClInclude>
    <ClInclude Include="Loki\LokiTypeInfo.h">
      <Filter>Заголовочные файлы\Loki</Filter>
    </ClInclude>
    <ClInclude Include="Loki\MinMax.h">
      <Filter>Заголовочные файлы\Loki</Filter>
    </ClInclude>
    <ClInclude Include="Loki\MultiMethods.h">
      <Filter>Заголовочные файлы\Loki</Filter>
    </ClInclude>
    <ClInclude Include="Loki\MyMap.h">
      <Filter>Заголовочные файлы\Loki</Filter>
    </ClInclude>
    <ClInclude Include="Loki\NullType.h">
      <Filter>Заголовочные файлы\Loki</Filter>
    </ClInclude>
    <ClInclude Include="Loki\Singleton.h">
      <Filter>Заголовочные файлы\Loki</Filter>
    </ClInclude>
    <ClInclude Include="Loki\SmallObj.h">
      <Filter>Заголовочные файлы\Loki</Filter>
    </ClInclude>
    <ClInclude Include="Loki\SmartPtr.h">
      <Filter>Заголовочные файлы\Loki</Filter>
    </ClInclude>
    <ClInclude Include="Loki\static_check.h">
      <Filter>Заголовочные файлы\Loki</Filter>
    </ClInclude>
    <ClInclude Include="Loki\Threads.h">
      <Filter>Заголовочные файлы\Loki</Filter>
    </ClInclude>
    <ClInclude Include="Loki\typecollection.h">
      <Filter>Заголовочные файлы\Loki</Filter>
    </ClInclude>
    <ClInclude Include="Loki\Typelist.h">
      <Filter>Заголовочные файлы\Loki</Filter>
    </ClInclude>
    <ClInclude Include="Loki\TypeManip.h">
      <Filter>Заголовочные файлы\Loki</Filter>
    </ClInclude>
    <ClInclude Include="Loki\TypeTraits.h">
      <Filter>Заголовочные файлы\Loki</Filter>
    </ClInclude>
    <ClInclude Include="Loki\Variant.h">
      <Filter>Заголовочные файлы\Loki</Filter>
    </ClInclude>
    <ClInclude Include="Loki\VC_Alignment.h">
      <Filter>Заголовочные файлы\Loki</Filter>
    </ClInclude>
    <ClInclude Include="Loki\Visitor.h">
      <Filter>Заголовочные файлы\Loki</Filter>
    </ClInclude>
    <ClInclude Include="GameObject.h">
      <Filter>Заголовочные файлы\FncDispatcherExample\Objects</Filter>
    </ClInclude>
    <ClInclude Include="Asteroid.h">
      <Filter>Заголовочные файлы\FncDispatcherExample\Objects</Filter>
    </ClInclude>
    <ClInclude Include="SpaceShip.h">
      <Filter>Заголовочные файлы\FncDispatcherExample\Objects</Filter>
    </ClInclude>
    <ClInclude Include="SpaceStantion.h">
      <Filter>Заголовочные файлы\FncDispatcherExample\Objects</Filter>
    </ClInclude>
    <ClInclude Include="Collide.h">
      <Filter>Заголовочные файлы\FncDispatcherExample\Relations</Filter>
    </ClInclude>
    <ClInclude Include="Conversation.h">
      <Filter>Заголовочные файлы\FncDispatcherExample\Relations</Filter>
    </ClInclude>
    <ClInclude Include="Loki\SimpleMultiMethod.h">
      <Filter>Заголовочные файлы\MultiLoki</Filter>
    </ClInclude>
    <ClInclude Include="resource.h">
      <Filter>Заголовочные файлы</Filter>
    </ClInclude>
    <ClInclude Include="DinamicMultiMethod.h">
      <Filter>Заголовочные файлы\MultiLoki</Filter>
    </ClInclude>
    <ClInclude Include="BoldBrush.h">
      <Filter>Заголовочные файлы\FncDispatcherExample\Objects\Drawing</Filter>
    </ClInclude>
    <ClInclude Include="Brush.h">
      <Filter>Заголовочные файлы\FncDispatcherExample\Objects\Drawing</Filter>
    </ClInclude>
    <ClInclude Include="Shape.h">
      <Filter>Заголовочные файлы\FncDispatcherExample\Objects\Drawing</Filter>
    </ClInclude>
    <ClInclude Include="Rectangle.h">
      <Filter>Заголовочные файлы\FncDispatcherExample\Objects\Drawing</Filter>
    </ClInclude>
    <ClInclude Include="Triangle.h">
      <Filter>Заголовочные файлы\FncDispatcherExample\Objects\Drawing</Filter>
    </ClInclude>
    <ClInclude Include="ShapeDrawing.h">
      <Filter>Заголовочные файлы\FncDispatcherExample\Relations\Drawing</Filter>
    </ClInclude>
    <ClInclude Include="ThinBrush.h">
      <Filter>Заголовочные файлы\FncDispatcherExample\Objects\Drawing</Filter>
    </ClInclude>
    <ClInclude Include="ShapeMetricVisitor.h">
      <Filter>Заголовочные файлы\FncDispatcherExample\Objects\Drawing</Filter>
    </ClInclude>
  </ItemGroup>
  <ItemGroup>
    <ResourceCompile Include="MultiFunctions.rc">
      <Filter>Файлы ресурсов</Filter>
    </ResourceCompile>
  </ItemGroup>
  <ItemGroup>
    <None Include="ClassDiagram1.cd" />
    <None Include="Drawing.cd" />
    <None Include="MetricVisitors.cd" />
  </ItemGroup>
</Project>